// !$*UTF8*$!
{
	archiveVersion = 1;
	classes = {
	};
	objectVersion = 50;
	objects = {

/* Begin PBXBuildFile section */
		0034FB9820ABFA9C005EA8D5 /* BlackjackViewController.swift in Sources */ = {isa = PBXBuildFile; fileRef = 0034FB9720ABFA9C005EA8D5 /* BlackjackViewController.swift */; };
		0034FB9A20ABFB21005EA8D5 /* BlackjackManager.swift in Sources */ = {isa = PBXBuildFile; fileRef = 0034FB9920ABFB21005EA8D5 /* BlackjackManager.swift */; };
		0034FB9C20ABFBFE005EA8D5 /* BlackjackCardModel.swift in Sources */ = {isa = PBXBuildFile; fileRef = 0034FB9B20ABFBFE005EA8D5 /* BlackjackCardModel.swift */; };
		0034FB9E20ABFC73005EA8D5 /* BlackjackCardView.swift in Sources */ = {isa = PBXBuildFile; fileRef = 0034FB9D20ABFC73005EA8D5 /* BlackjackCardView.swift */; };
		0034FBA020ABFCC5005EA8D5 /* BlackjackCardView.xib in Resources */ = {isa = PBXBuildFile; fileRef = 0034FB9F20ABFCC5005EA8D5 /* BlackjackCardView.xib */; };
		0034FBA220AC0B07005EA8D5 /* MainTabViewController.swift in Sources */ = {isa = PBXBuildFile; fileRef = 0034FBA120AC0B07005EA8D5 /* MainTabViewController.swift */; };
		0034FBA420AC151C005EA8D5 /* MichiThemeModel.swift in Sources */ = {isa = PBXBuildFile; fileRef = 0034FBA320AC151C005EA8D5 /* MichiThemeModel.swift */; };
		0034FBA620AC1547005EA8D5 /* MichiPlayerModel.swift in Sources */ = {isa = PBXBuildFile; fileRef = 0034FBA520AC1547005EA8D5 /* MichiPlayerModel.swift */; };
		0034FBA820AC159E005EA8D5 /* MichiManager.swift in Sources */ = {isa = PBXBuildFile; fileRef = 0034FBA720AC159E005EA8D5 /* MichiManager.swift */; };
		0034FBAA20AC178A005EA8D5 /* MichiViewController.swift in Sources */ = {isa = PBXBuildFile; fileRef = 0034FBA920AC178A005EA8D5 /* MichiViewController.swift */; };
		0034FBAC20AC2FB9005EA8D5 /* GoViewController.swift in Sources */ = {isa = PBXBuildFile; fileRef = 0034FBAB20AC2FB9005EA8D5 /* GoViewController.swift */; };
		0034FBAE20AC32D7005EA8D5 /* GoCollectionViewController.swift in Sources */ = {isa = PBXBuildFile; fileRef = 0034FBAD20AC32D7005EA8D5 /* GoCollectionViewController.swift */; };
		0034FBB020AC32FF005EA8D5 /* GoCollectionViewCell.swift in Sources */ = {isa = PBXBuildFile; fileRef = 0034FBAF20AC32FF005EA8D5 /* GoCollectionViewCell.swift */; };
		003F663420A5D2EA00FBA8E3 /* AppDelegate.swift in Sources */ = {isa = PBXBuildFile; fileRef = 003F663320A5D2EA00FBA8E3 /* AppDelegate.swift */; };
		003F663620A5D2EA00FBA8E3 /* ViewController.swift in Sources */ = {isa = PBXBuildFile; fileRef = 003F663520A5D2EA00FBA8E3 /* ViewController.swift */; };
		003F663920A5D2EA00FBA8E3 /* Main.storyboard in Resources */ = {isa = PBXBuildFile; fileRef = 003F663720A5D2EA00FBA8E3 /* Main.storyboard */; };
		003F663B20A5D2F900FBA8E3 /* Assets.xcassets in Resources */ = {isa = PBXBuildFile; fileRef = 003F663A20A5D2F900FBA8E3 /* Assets.xcassets */; };
		003F663E20A5D2F900FBA8E3 /* LaunchScreen.storyboard in Resources */ = {isa = PBXBuildFile; fileRef = 003F663C20A5D2F900FBA8E3 /* LaunchScreen.storyboard */; };
		003F664920A5D68F00FBA8E3 /* LoginViewController.swift in Sources */ = {isa = PBXBuildFile; fileRef = 003F664820A5D68F00FBA8E3 /* LoginViewController.swift */; };
		0063EE8A20AC4585002DCC0F /* GoPlayers.swift in Sources */ = {isa = PBXBuildFile; fileRef = 0063EE8920AC4585002DCC0F /* GoPlayers.swift */; };
		0063EE8C20AC894A002DCC0F /* GoManager.swift in Sources */ = {isa = PBXBuildFile; fileRef = 0063EE8B20AC894A002DCC0F /* GoManager.swift */; };
/* End PBXBuildFile section */

/* Begin PBXFileReference section */
		0034FB9720ABFA9C005EA8D5 /* BlackjackViewController.swift */ = {isa = PBXFileReference; lastKnownFileType = sourcecode.swift; path = BlackjackViewController.swift; sourceTree = "<group>"; };
		0034FB9920ABFB21005EA8D5 /* BlackjackManager.swift */ = {isa = PBXFileReference; lastKnownFileType = sourcecode.swift; path = BlackjackManager.swift; sourceTree = "<group>"; };
		0034FB9B20ABFBFE005EA8D5 /* BlackjackCardModel.swift */ = {isa = PBXFileReference; lastKnownFileType = sourcecode.swift; path = BlackjackCardModel.swift; sourceTree = "<group>"; };
		0034FB9D20ABFC73005EA8D5 /* BlackjackCardView.swift */ = {isa = PBXFileReference; lastKnownFileType = sourcecode.swift; path = BlackjackCardView.swift; sourceTree = "<group>"; };
		0034FB9F20ABFCC5005EA8D5 /* BlackjackCardView.xib */ = {isa = PBXFileReference; lastKnownFileType = file.xib; path = BlackjackCardView.xib; sourceTree = "<group>"; };
		0034FBA120AC0B07005EA8D5 /* MainTabViewController.swift */ = {isa = PBXFileReference; lastKnownFileType = sourcecode.swift; path = MainTabViewController.swift; sourceTree = "<group>"; };
		0034FBA320AC151C005EA8D5 /* MichiThemeModel.swift */ = {isa = PBXFileReference; lastKnownFileType = sourcecode.swift; path = MichiThemeModel.swift; sourceTree = "<group>"; };
		0034FBA520AC1547005EA8D5 /* MichiPlayerModel.swift */ = {isa = PBXFileReference; lastKnownFileType = sourcecode.swift; path = MichiPlayerModel.swift; sourceTree = "<group>"; };
		0034FBA720AC159E005EA8D5 /* MichiManager.swift */ = {isa = PBXFileReference; lastKnownFileType = sourcecode.swift; path = MichiManager.swift; sourceTree = "<group>"; };
		0034FBA920AC178A005EA8D5 /* MichiViewController.swift */ = {isa = PBXFileReference; lastKnownFileType = sourcecode.swift; path = MichiViewController.swift; sourceTree = "<group>"; };
		0034FBAB20AC2FB9005EA8D5 /* GoViewController.swift */ = {isa = PBXFileReference; lastKnownFileType = sourcecode.swift; path = GoViewController.swift; sourceTree = "<group>"; };
		0034FBAD20AC32D7005EA8D5 /* GoCollectionViewController.swift */ = {isa = PBXFileReference; lastKnownFileType = sourcecode.swift; path = GoCollectionViewController.swift; sourceTree = "<group>"; };
		0034FBAF20AC32FF005EA8D5 /* GoCollectionViewCell.swift */ = {isa = PBXFileReference; lastKnownFileType = sourcecode.swift; path = GoCollectionViewCell.swift; sourceTree = "<group>"; };
		003F663020A5D2EA00FBA8E3 /* Ulima_Games.app */ = {isa = PBXFileReference; explicitFileType = wrapper.application; includeInIndex = 0; path = Ulima_Games.app; sourceTree = BUILT_PRODUCTS_DIR; };
		003F663320A5D2EA00FBA8E3 /* AppDelegate.swift */ = {isa = PBXFileReference; lastKnownFileType = sourcecode.swift; path = AppDelegate.swift; sourceTree = "<group>"; };
		003F663520A5D2EA00FBA8E3 /* ViewController.swift */ = {isa = PBXFileReference; lastKnownFileType = sourcecode.swift; path = ViewController.swift; sourceTree = "<group>"; };
		003F663820A5D2EA00FBA8E3 /* Base */ = {isa = PBXFileReference; lastKnownFileType = file.storyboard; name = Base; path = Base.lproj/Main.storyboard; sourceTree = "<group>"; };
		003F663A20A5D2F900FBA8E3 /* Assets.xcassets */ = {isa = PBXFileReference; lastKnownFileType = folder.assetcatalog; path = Assets.xcassets; sourceTree = "<group>"; };
		003F663D20A5D2F900FBA8E3 /* Base */ = {isa = PBXFileReference; lastKnownFileType = file.storyboard; name = Base; path = Base.lproj/LaunchScreen.storyboard; sourceTree = "<group>"; };
		003F663F20A5D2F900FBA8E3 /* Info.plist */ = {isa = PBXFileReference; lastKnownFileType = text.plist.xml; path = Info.plist; sourceTree = "<group>"; };
		003F664820A5D68F00FBA8E3 /* LoginViewController.swift */ = {isa = PBXFileReference; lastKnownFileType = sourcecode.swift; path = LoginViewController.swift; sourceTree = "<group>"; };
		0063EE8920AC4585002DCC0F /* GoPlayers.swift */ = {isa = PBXFileReference; lastKnownFileType = sourcecode.swift; path = GoPlayers.swift; sourceTree = "<group>"; };
		0063EE8B20AC894A002DCC0F /* GoManager.swift */ = {isa = PBXFileReference; lastKnownFileType = sourcecode.swift; path = GoManager.swift; sourceTree = "<group>"; };
/* End PBXFileReference section */

/* Begin PBXFrameworksBuildPhase section */
		003F662D20A5D2EA00FBA8E3 /* Frameworks */ = {
			isa = PBXFrameworksBuildPhase;
			buildActionMask = 2147483647;
			files = (
			);
			runOnlyForDeploymentPostprocessing = 0;
		};
/* End PBXFrameworksBuildPhase section */

/* Begin PBXGroup section */
		003F662720A5D2EA00FBA8E3 = {
			isa = PBXGroup;
			children = (
				003F663220A5D2EA00FBA8E3 /* Ulima_Games */,
				003F663120A5D2EA00FBA8E3 /* Products */,
			);
			sourceTree = "<group>";
		};
		003F663120A5D2EA00FBA8E3 /* Products */ = {
			isa = PBXGroup;
			children = (
				003F663020A5D2EA00FBA8E3 /* Ulima_Games.app */,
			);
			name = Products;
			sourceTree = "<group>";
		};
		003F663220A5D2EA00FBA8E3 /* Ulima_Games */ = {
			isa = PBXGroup;
			children = (
				003F664720A5D35600FBA8E3 /* Views */,
				003F664620A5D34C00FBA8E3 /* Models */,
				003F664520A5D33E00FBA8E3 /* Controllers */,
				003F663320A5D2EA00FBA8E3 /* AppDelegate.swift */,
				0034FB9920ABFB21005EA8D5 /* BlackjackManager.swift */,
				003F663520A5D2EA00FBA8E3 /* ViewController.swift */,
				003F663720A5D2EA00FBA8E3 /* Main.storyboard */,
				003F663A20A5D2F900FBA8E3 /* Assets.xcassets */,
				003F663C20A5D2F900FBA8E3 /* LaunchScreen.storyboard */,
				003F663F20A5D2F900FBA8E3 /* Info.plist */,
				0034FBA720AC159E005EA8D5 /* MichiManager.swift */,
				0063EE8B20AC894A002DCC0F /* GoManager.swift */,
			);
			path = Ulima_Games;
			sourceTree = "<group>";
		};
		003F664520A5D33E00FBA8E3 /* Controllers */ = {
			isa = PBXGroup;
			children = (
				003F664820A5D68F00FBA8E3 /* LoginViewController.swift */,
				0034FB9720ABFA9C005EA8D5 /* BlackjackViewController.swift */,
				0034FBA120AC0B07005EA8D5 /* MainTabViewController.swift */,
				0034FBA920AC178A005EA8D5 /* MichiViewController.swift */,
				0034FBAB20AC2FB9005EA8D5 /* GoViewController.swift */,
			);
			path = Controllers;
			sourceTree = "<group>";
		};
		003F664620A5D34C00FBA8E3 /* Models */ = {
			isa = PBXGroup;
			children = (
				0034FB9B20ABFBFE005EA8D5 /* BlackjackCardModel.swift */,
				0034FBA320AC151C005EA8D5 /* MichiThemeModel.swift */,
				0034FBA520AC1547005EA8D5 /* MichiPlayerModel.swift */,
				0063EE8920AC4585002DCC0F /* GoPlayers.swift */,
			);
			path = Models;
			sourceTree = "<group>";
		};
		003F664720A5D35600FBA8E3 /* Views */ = {
			isa = PBXGroup;
			children = (
				0034FB9D20ABFC73005EA8D5 /* BlackjackCardView.swift */,
				0034FB9F20ABFCC5005EA8D5 /* BlackjackCardView.xib */,
				0034FBAD20AC32D7005EA8D5 /* GoCollectionViewController.swift */,
				0034FBAF20AC32FF005EA8D5 /* GoCollectionViewCell.swift */,
			);
			path = Views;
			sourceTree = "<group>";
		};
/* End PBXGroup section */

/* Begin PBXNativeTarget section */
		003F662F20A5D2EA00FBA8E3 /* Ulima_Games */ = {
			isa = PBXNativeTarget;
			buildConfigurationList = 003F664220A5D2F900FBA8E3 /* Build configuration list for PBXNativeTarget "Ulima_Games" */;
			buildPhases = (
				003F662C20A5D2EA00FBA8E3 /* Sources */,
				003F662D20A5D2EA00FBA8E3 /* Frameworks */,
				003F662E20A5D2EA00FBA8E3 /* Resources */,
			);
			buildRules = (
			);
			dependencies = (
			);
			name = Ulima_Games;
			productName = Ulima_Games;
			productReference = 003F663020A5D2EA00FBA8E3 /* Ulima_Games.app */;
			productType = "com.apple.product-type.application";
		};
/* End PBXNativeTarget section */

/* Begin PBXProject section */
		003F662820A5D2EA00FBA8E3 /* Project object */ = {
			isa = PBXProject;
			attributes = {
				LastSwiftUpdateCheck = 0930;
				LastUpgradeCheck = 0930;
				ORGANIZATIONNAME = "Eros Campos";
				TargetAttributes = {
					003F662F20A5D2EA00FBA8E3 = {
						CreatedOnToolsVersion = 9.3;
					};
				};
			};
			buildConfigurationList = 003F662B20A5D2EA00FBA8E3 /* Build configuration list for PBXProject "Ulima_Games" */;
			compatibilityVersion = "Xcode 9.3";
			developmentRegion = en;
			hasScannedForEncodings = 0;
			knownRegions = (
				en,
				Base,
			);
			mainGroup = 003F662720A5D2EA00FBA8E3;
			productRefGroup = 003F663120A5D2EA00FBA8E3 /* Products */;
			projectDirPath = "";
			projectRoot = "";
			targets = (
				003F662F20A5D2EA00FBA8E3 /* Ulima_Games */,
			);
		};
/* End PBXProject section */

/* Begin PBXResourcesBuildPhase section */
		003F662E20A5D2EA00FBA8E3 /* Resources */ = {
			isa = PBXResourcesBuildPhase;
			buildActionMask = 2147483647;
			files = (
				003F663E20A5D2F900FBA8E3 /* LaunchScreen.storyboard in Resources */,
				0034FBA020ABFCC5005EA8D5 /* BlackjackCardView.xib in Resources */,
				003F663B20A5D2F900FBA8E3 /* Assets.xcassets in Resources */,
				003F663920A5D2EA00FBA8E3 /* Main.storyboard in Resources */,
			);
			runOnlyForDeploymentPostprocessing = 0;
		};
/* End PBXResourcesBuildPhase section */

/* Begin PBXSourcesBuildPhase section */
		003F662C20A5D2EA00FBA8E3 /* Sources */ = {
			isa = PBXSourcesBuildPhase;
			buildActionMask = 2147483647;
			files = (
				003F664920A5D68F00FBA8E3 /* LoginViewController.swift in Sources */,
				0034FBA620AC1547005EA8D5 /* MichiPlayerModel.swift in Sources */,
				0034FBB020AC32FF005EA8D5 /* GoCollectionViewCell.swift in Sources */,
				0034FBA820AC159E005EA8D5 /* MichiManager.swift in Sources */,
				0034FBA220AC0B07005EA8D5 /* MainTabViewController.swift in Sources */,
				0063EE8A20AC4585002DCC0F /* GoPlayers.swift in Sources */,
				0034FBAE20AC32D7005EA8D5 /* GoCollectionViewController.swift in Sources */,
				003F663620A5D2EA00FBA8E3 /* ViewController.swift in Sources */,
				0034FBAA20AC178A005EA8D5 /* MichiViewController.swift in Sources */,
				0034FB9C20ABFBFE005EA8D5 /* BlackjackCardModel.swift in Sources */,
				003F663420A5D2EA00FBA8E3 /* AppDelegate.swift in Sources */,
				0034FBAC20AC2FB9005EA8D5 /* GoViewController.swift in Sources */,
				0034FB9E20ABFC73005EA8D5 /* BlackjackCardView.swift in Sources */,
				0034FB9820ABFA9C005EA8D5 /* BlackjackViewController.swift in Sources */,
				0034FB9A20ABFB21005EA8D5 /* BlackjackManager.swift in Sources */,
				0034FBA420AC151C005EA8D5 /* MichiThemeModel.swift in Sources */,
				0063EE8C20AC894A002DCC0F /* GoManager.swift in Sources */,
			);
			runOnlyForDeploymentPostprocessing = 0;
		};
/* End PBXSourcesBuildPhase section */

/* Begin PBXVariantGroup section */
		003F663720A5D2EA00FBA8E3 /* Main.storyboard */ = {
			isa = PBXVariantGroup;
			children = (
				003F663820A5D2EA00FBA8E3 /* Base */,
			);
			name = Main.storyboard;
			sourceTree = "<group>";
		};
		003F663C20A5D2F900FBA8E3 /* LaunchScreen.storyboard */ = {
			isa = PBXVariantGroup;
			children = (
				003F663D20A5D2F900FBA8E3 /* Base */,
			);
			name = LaunchScreen.storyboard;
			sourceTree = "<group>";
		};
/* End PBXVariantGroup section */

/* Begin XCBuildConfiguration section */
		003F664020A5D2F900FBA8E3 /* Debug */ = {
			isa = XCBuildConfiguration;
			buildSettings = {
				ALWAYS_SEARCH_USER_PATHS = NO;
				CLANG_ANALYZER_NONNULL = YES;
				CLANG_ANALYZER_NUMBER_OBJECT_CONVERSION = YES_AGGRESSIVE;
				CLANG_CXX_LANGUAGE_STANDARD = "gnu++14";
				CLANG_CXX_LIBRARY = "libc++";
				CLANG_ENABLE_MODULES = YES;
				CLANG_ENABLE_OBJC_ARC = YES;
				CLANG_ENABLE_OBJC_WEAK = YES;
				CLANG_WARN_BLOCK_CAPTURE_AUTORELEASING = YES;
				CLANG_WARN_BOOL_CONVERSION = YES;
				CLANG_WARN_COMMA = YES;
				CLANG_WARN_CONSTANT_CONVERSION = YES;
				CLANG_WARN_DEPRECATED_OBJC_IMPLEMENTATIONS = YES;
				CLANG_WARN_DIRECT_OBJC_ISA_USAGE = YES_ERROR;
				CLANG_WARN_DOCUMENTATION_COMMENTS = YES;
				CLANG_WARN_EMPTY_BODY = YES;
				CLANG_WARN_ENUM_CONVERSION = YES;
				CLANG_WARN_INFINITE_RECURSION = YES;
				CLANG_WARN_INT_CONVERSION = YES;
				CLANG_WARN_NON_LITERAL_NULL_CONVERSION = YES;
				CLANG_WARN_OBJC_IMPLICIT_RETAIN_SELF = YES;
				CLANG_WARN_OBJC_LITERAL_CONVERSION = YES;
				CLANG_WARN_OBJC_ROOT_CLASS = YES_ERROR;
				CLANG_WARN_RANGE_LOOP_ANALYSIS = YES;
				CLANG_WARN_STRICT_PROTOTYPES = YES;
				CLANG_WARN_SUSPICIOUS_MOVE = YES;
				CLANG_WARN_UNGUARDED_AVAILABILITY = YES_AGGRESSIVE;
				CLANG_WARN_UNREACHABLE_CODE = YES;
				CLANG_WARN__DUPLICATE_METHOD_MATCH = YES;
				CODE_SIGN_IDENTITY = "iPhone Developer";
				COPY_PHASE_STRIP = NO;
				DEBUG_INFORMATION_FORMAT = dwarf;
				ENABLE_STRICT_OBJC_MSGSEND = YES;
				ENABLE_TESTABILITY = YES;
				GCC_C_LANGUAGE_STANDARD = gnu11;
				GCC_DYNAMIC_NO_PIC = NO;
				GCC_NO_COMMON_BLOCKS = YES;
				GCC_OPTIMIZATION_LEVEL = 0;
				GCC_PREPROCESSOR_DEFINITIONS = (
					"DEBUG=1",
					"$(inherited)",
				);
				GCC_WARN_64_TO_32_BIT_CONVERSION = YES;
				GCC_WARN_ABOUT_RETURN_TYPE = YES_ERROR;
				GCC_WARN_UNDECLARED_SELECTOR = YES;
				GCC_WARN_UNINITIALIZED_AUTOS = YES_AGGRESSIVE;
				GCC_WARN_UNUSED_FUNCTION = YES;
				GCC_WARN_UNUSED_VARIABLE = YES;
				IPHONEOS_DEPLOYMENT_TARGET = 11.3;
				MTL_ENABLE_DEBUG_INFO = YES;
				ONLY_ACTIVE_ARCH = YES;
				SDKROOT = iphoneos;
				SWIFT_ACTIVE_COMPILATION_CONDITIONS = DEBUG;
				SWIFT_OPTIMIZATION_LEVEL = "-Onone";
			};
			name = Debug;
		};
		003F664120A5D2F900FBA8E3 /* Release */ = {
			isa = XCBuildConfiguration;
			buildSettings = {
				ALWAYS_SEARCH_USER_PATHS = NO;
				CLANG_ANALYZER_NONNULL = YES;
				CLANG_ANALYZER_NUMBER_OBJECT_CONVERSION = YES_AGGRESSIVE;
				CLANG_CXX_LANGUAGE_STANDARD = "gnu++14";
				CLANG_CXX_LIBRARY = "libc++";
				CLANG_ENABLE_MODULES = YES;
				CLANG_ENABLE_OBJC_ARC = YES;
				CLANG_ENABLE_OBJC_WEAK = YES;
				CLANG_WARN_BLOCK_CAPTURE_AUTORELEASING = YES;
				CLANG_WARN_BOOL_CONVERSION = YES;
				CLANG_WARN_COMMA = YES;
				CLANG_WARN_CONSTANT_CONVERSION = YES;
				CLANG_WARN_DEPRECATED_OBJC_IMPLEMENTATIONS = YES;
				CLANG_WARN_DIRECT_OBJC_ISA_USAGE = YES_ERROR;
				CLANG_WARN_DOCUMENTATION_COMMENTS = YES;
				CLANG_WARN_EMPTY_BODY = YES;
				CLANG_WARN_ENUM_CONVERSION = YES;
				CLANG_WARN_INFINITE_RECURSION = YES;
				CLANG_WARN_INT_CONVERSION = YES;
				CLANG_WARN_NON_LITERAL_NULL_CONVERSION = YES;
				CLANG_WARN_OBJC_IMPLICIT_RETAIN_SELF = YES;
				CLANG_WARN_OBJC_LITERAL_CONVERSION = YES;
				CLANG_WARN_OBJC_ROOT_CLASS = YES_ERROR;
				CLANG_WARN_RANGE_LOOP_ANALYSIS = YES;
				CLANG_WARN_STRICT_PROTOTYPES = YES;
				CLANG_WARN_SUSPICIOUS_MOVE = YES;
				CLANG_WARN_UNGUARDED_AVAILABILITY = YES_AGGRESSIVE;
				CLANG_WARN_UNREACHABLE_CODE = YES;
				CLANG_WARN__DUPLICATE_METHOD_MATCH = YES;
				CODE_SIGN_IDENTITY = "iPhone Developer";
				COPY_PHASE_STRIP = NO;
				DEBUG_INFORMATION_FORMAT = "dwarf-with-dsym";
				ENABLE_NS_ASSERTIONS = NO;
				ENABLE_STRICT_OBJC_MSGSEND = YES;
				GCC_C_LANGUAGE_STANDARD = gnu11;
				GCC_NO_COMMON_BLOCKS = YES;
				GCC_WARN_64_TO_32_BIT_CONVERSION = YES;
				GCC_WARN_ABOUT_RETURN_TYPE = YES_ERROR;
				GCC_WARN_UNDECLARED_SELECTOR = YES;
				GCC_WARN_UNINITIALIZED_AUTOS = YES_AGGRESSIVE;
				GCC_WARN_UNUSED_FUNCTION = YES;
				GCC_WARN_UNUSED_VARIABLE = YES;
				IPHONEOS_DEPLOYMENT_TARGET = 11.3;
				MTL_ENABLE_DEBUG_INFO = NO;
				SDKROOT = iphoneos;
				SWIFT_COMPILATION_MODE = wholemodule;
				SWIFT_OPTIMIZATION_LEVEL = "-O";
				VALIDATE_PRODUCT = YES;
			};
			name = Release;
		};
		003F664320A5D2F900FBA8E3 /* Debug */ = {
			isa = XCBuildConfiguration;
			buildSettings = {
				ASSETCATALOG_COMPILER_APPICON_NAME = AppIcon;
				CODE_SIGN_STYLE = Automatic;
				DEVELOPMENT_TEAM = QCHYTX64J7;
				INFOPLIST_FILE = Ulima_Games/Info.plist;
				LD_RUNPATH_SEARCH_PATHS = (
					"$(inherited)",
					"@executable_path/Frameworks",
				);
				PRODUCT_BUNDLE_IDENTIFIER = "com.apple.Ulima-Games";
				PRODUCT_NAME = "$(TARGET_NAME)";
				SWIFT_VERSION = 4.0;
				TARGETED_DEVICE_FAMILY = "1,2";
			};
			name = Debug;
		};
		003F664420A5D2F900FBA8E3 /* Release */ = {
			isa = XCBuildConfiguration;
			buildSettings = {
				ASSETCATALOG_COMPILER_APPICON_NAME = AppIcon;
				CODE_SIGN_STYLE = Automatic;
				DEVELOPMENT_TEAM = QCHYTX64J7;
				INFOPLIST_FILE = Ulima_Games/Info.plist;
				LD_RUNPATH_SEARCH_PATHS = (
					"$(inherited)",
					"@executable_path/Frameworks",
				);
				PRODUCT_BUNDLE_IDENTIFIER = "com.apple.Ulima-Games";
				PRODUCT_NAME = "$(TARGET_NAME)";
				SWIFT_VERSION = 4.0;
				TARGETED_DEVICE_FAMILY = "1,2";
			};
			name = Release;
		};
/* End XCBuildConfiguration section */

/* Begin XCConfigurationList section */
		003F662B20A5D2EA00FBA8E3 /* Build configuration list for PBXProject "Ulima_Games" */ = {
			isa = XCConfigurationList;
			buildConfigurations = (
				003F664020A5D2F900FBA8E3 /* Debug */,
				003F664120A5D2F900FBA8E3 /* Release */,
			);
			defaultConfigurationIsVisible = 0;
			defaultConfigurationName = Release;
		};
		003F664220A5D2F900FBA8E3 /* Build configuration list for PBXNativeTarget "Ulima_Games" */ = {
			isa = XCConfigurationList;
			buildConfigurations = (
				003F664320A5D2F900FBA8E3 /* Debug */,
				003F664420A5D2F900FBA8E3 /* Release */,
			);
			defaultConfigurationIsVisible = 0;
			defaultConfigurationName = Release;
		};
/* End XCConfigurationList section */
	};
	rootObject = 003F662820A5D2EA00FBA8E3 /* Project object */;
}
